
Microsoft Visual Studio Solution File, Format Version 12.00
# Visual Studio Version 17
VisualStudioVersion = 17.9.34607.119
MinimumVisualStudioVersion = 10.0.40219.1
Project("{FAE04EC0-301F-11D3-BF4B-00C04F79EFBC}") = "PCBuilderAPIWebApp", "PCBuilderAPIWebApp\PCBuilderAPIWebApp.csproj", "{8FE371A0-B9A0-4722-B901-FED17A9E3CE3}"
EndProject
Global
	GlobalSection(SolutionConfigurationPlatforms) = preSolution
		Debug|Any CPU = Debug|Any CPU
		Release|Any CPU = Release|Any CPU
	EndGlobalSection
	GlobalSection(ProjectConfigurationPlatforms) = postSolution
		{8FE371A0-B9A0-4722-B901-FED17A9E3CE3}.Debug|Any CPU.ActiveCfg = Debug|Any CPU
		{8FE371A0-B9A0-4722-B901-FED17A9E3CE3}.Debug|Any CPU.Build.0 = Debug|Any CPU
		{8FE371A0-B9A0-4722-B901-FED17A9E3CE3}.Release|Any CPU.ActiveCfg = Release|Any CPU
		{8FE371A0-B9A0-4722-B901-FED17A9E3CE3}.Release|Any CPU.Build.0 = Release|Any CPU
	EndGlobalSection
	GlobalSection(SolutionProperties) = preSolution
		HideSolutionNode = FALSE
	EndGlobalSection
	GlobalSection(ExtensibilityGlobals) = postSolution
		SolutionGuid = {B3C0894D-8A3C-4B8E-9411-08C882F85D75}
	EndGlobalSection
EndGlobal
